
Microsoft Visual Studio Solution File, Format Version 10.00
# Visual Studio 2008
Project("{FAE04EC0-301F-11D3-BF4B-00C04F79EFBC}") = "ALEREIMPACT", "ALEREIMPACT\ALEREIMPACT.csproj", "{6244445B-3FB7-4E7F-B04C-A5D590FA01AD}"
EndProject
Project("{FAE04EC0-301F-11D3-BF4B-00C04F79EFBC}") = "ALEREIMPACT.BAL", "ALEREIMPACT.BAL\ALEREIMPACT.BAL.csproj", "{87566949-113F-464B-BF71-83DA36F1848D}"
EndProject
Project("{FAE04EC0-301F-11D3-BF4B-00C04F79EFBC}") = "ALEREIMPACT.DAL", "ALEREIMPACT.DAL\ALEREIMPACT.DAL.csproj", "{1C270DE0-6108-40CA-834A-2AF82C65A0E1}"
EndProject
Project("{FAE04EC0-301F-11D3-BF4B-00C04F79EFBC}") = "ALEREIMPACT.FRAMEWORK", "ALEREIMPACT.FRAMEWORK\ALEREIMPACT.FRAMEWORK.csproj", "{23718E7E-0643-487F-8CB6-2390E6966E01}"
EndProject
Global
	GlobalSection(SolutionConfigurationPlatforms) = preSolution
		Debug|Any CPU = Debug|Any CPU
		Release|Any CPU = Release|Any CPU
	EndGlobalSection
	GlobalSection(ProjectConfigurationPlatforms) = postSolution
		{6244445B-3FB7-4E7F-B04C-A5D590FA01AD}.Debug|Any CPU.ActiveCfg = Debug|Any CPU
		{6244445B-3FB7-4E7F-B04C-A5D590FA01AD}.Debug|Any CPU.Build.0 = Debug|Any CPU
		{6244445B-3FB7-4E7F-B04C-A5D590FA01AD}.Release|Any CPU.ActiveCfg = Release|Any CPU
		{6244445B-3FB7-4E7F-B04C-A5D590FA01AD}.Release|Any CPU.Build.0 = Release|Any CPU
		{87566949-113F-464B-BF71-83DA36F1848D}.Debug|Any CPU.ActiveCfg = Debug|Any CPU
		{87566949-113F-464B-BF71-83DA36F1848D}.Debug|Any CPU.Build.0 = Debug|Any CPU
		{87566949-113F-464B-BF71-83DA36F1848D}.Release|Any CPU.ActiveCfg = Release|Any CPU
		{87566949-113F-464B-BF71-83DA36F1848D}.Release|Any CPU.Build.0 = Release|Any CPU
		{1C270DE0-6108-40CA-834A-2AF82C65A0E1}.Debug|Any CPU.ActiveCfg = Debug|Any CPU
		{1C270DE0-6108-40CA-834A-2AF82C65A0E1}.Debug|Any CPU.Build.0 = Debug|Any CPU
		{1C270DE0-6108-40CA-834A-2AF82C65A0E1}.Release|Any CPU.ActiveCfg = Release|Any CPU
		{1C270DE0-6108-40CA-834A-2AF82C65A0E1}.Release|Any CPU.Build.0 = Release|Any CPU
		{23718E7E-0643-487F-8CB6-2390E6966E01}.Debug|Any CPU.ActiveCfg = Debug|Any CPU
		{23718E7E-0643-487F-8CB6-2390E6966E01}.Debug|Any CPU.Build.0 = Debug|Any CPU
		{23718E7E-0643-487F-8CB6-2390E6966E01}.Release|Any CPU.ActiveCfg = Release|Any CPU
		{23718E7E-0643-487F-8CB6-2390E6966E01}.Release|Any CPU.Build.0 = Release|Any CPU
	EndGlobalSection
	GlobalSection(SolutionProperties) = preSolution
		HideSolutionNode = FALSE
	EndGlobalSection
EndGlobal
